{
  "originHash" : "4e50a2fb86bf19904989fe21f4868bc3701f13acfaecc66cc7e709470d4995da",
  "pins" : [
    {
      "identity" : "grdb.swift",
      "kind" : "remoteSourceControl",
      "location" : "https://github.com/groue/GRDB.swift.git",
      "state" : {
        "revision" : "2cf6c756e1e5ef6901ebae16576a7e4e4b834622",
        "version" : "6.29.3"
      }
    },
    {
      "identity" : "sparkle",
      "kind" : "remoteSourceControl",
      "location" : "https://github.com/sparkle-project/Sparkle",
      "state" : {
        "revision" : "b6496a74a087257ef5e6da1c5b29a447a60f5bd7",
        "version" : "2.9.4"
      }
    },
    {
      "identity" : "swift-yyjson",
      "kind" : "remoteSourceControl",
      "location" : "https://github.com/mattt/swift-yyjson.git",
      "state" : {
        "revision" : "ecccc733f4817f483f79db348f34237c39a6bcce",
        "version" : "0.6.0"
      }
    }
  ],
  "version" : 3
}
